// !$*UTF8*$!
{
	archiveVersion = 1;
	classes = {
	};
	objectVersion = 48;
	objects = {

/* Begin PBXBuildFile section */
		9E35B79F1FE18D2E0028B00E /* FinalViewController.swift in Sources */ = {isa = PBXBuildFile; fileRef = 9E35B79E1FE18D2E0028B00E /* FinalViewController.swift */; };
		9E4CB83A1FE1CB7600207C4F /* InAppPurchase.swift in Sources */ = {isa = PBXBuildFile; fileRef = 9E4CB8391FE1CB7600207C4F /* InAppPurchase.swift */; };
		9E8D06EB1FE199EF00F920C8 /* CellTableViewCell.swift in Sources */ = {isa = PBXBuildFile; fileRef = 9E8D06EA1FE199EF00F920C8 /* CellTableViewCell.swift */; };
		9EA409431FE1C1B3008D113E /* Localizable.strings in Resources */ = {isa = PBXBuildFile; fileRef = 9EA409451FE1C1B3008D113E /* Localizable.strings */; };
		9EC81ED91FE2CD350024931C /* StoreKit.framework in Frameworks */ = {isa = PBXBuildFile; fileRef = 9EC81ED81FE2CD350024931C /* StoreKit.framework */; };
		9EE5E84E1FDDA6B000F00EC4 /* AppDelegate.swift in Sources */ = {isa = PBXBuildFile; fileRef = 9EE5E84D1FDDA6B000F00EC4 /* AppDelegate.swift */; };
		9EE5E8501FDDA6B000F00EC4 /* ViewController.swift in Sources */ = {isa = PBXBuildFile; fileRef = 9EE5E84F1FDDA6B000F00EC4 /* ViewController.swift */; };
		9EE5E8531FDDA6B000F00EC4 /* Main.storyboard in Resources */ = {isa = PBXBuildFile; fileRef = 9EE5E8511FDDA6B000F00EC4 /* Main.storyboard */; };
		9EE5E8551FDDA6B000F00EC4 /* Assets.xcassets in Resources */ = {isa = PBXBuildFile; fileRef = 9EE5E8541FDDA6B000F00EC4 /* Assets.xcassets */; };
		9EE5E8581FDDA6B000F00EC4 /* LaunchScreen.storyboard in Resources */ = {isa = PBXBuildFile; fileRef = 9EE5E8561FDDA6B000F00EC4 /* LaunchScreen.storyboard */; };
		9EE5E8601FDDAA1F00F00EC4 /* HistoryTableViewCell.swift in Sources */ = {isa = PBXBuildFile; fileRef = 9EE5E85F1FDDAA1F00F00EC4 /* HistoryTableViewCell.swift */; };
		9EE5E8621FDDAD7000F00EC4 /* Model.swift in Sources */ = {isa = PBXBuildFile; fileRef = 9EE5E8611FDDAD7000F00EC4 /* Model.swift */; };
		9EE5E8641FDDB0A000F00EC4 /* QuestionViewController.swift in Sources */ = {isa = PBXBuildFile; fileRef = 9EE5E8631FDDB09F00F00EC4 /* QuestionViewController.swift */; };
		9EE5E8661FDDB2F000F00EC4 /* ArgumentViewController.swift in Sources */ = {isa = PBXBuildFile; fileRef = 9EE5E8651FDDB2F000F00EC4 /* ArgumentViewController.swift */; };
/* End PBXBuildFile section */

/* Begin PBXFileReference section */
		9E35B79E1FE18D2E0028B00E /* FinalViewController.swift */ = {isa = PBXFileReference; lastKnownFileType = sourcecode.swift; path = FinalViewController.swift; sourceTree = "<group>"; };
		9E4CB8391FE1CB7600207C4F /* InAppPurchase.swift */ = {isa = PBXFileReference; fileEncoding = 4; lastKnownFileType = sourcecode.swift; path = InAppPurchase.swift; sourceTree = "<group>"; };
		9E8D06EA1FE199EF00F920C8 /* CellTableViewCell.swift */ = {isa = PBXFileReference; lastKnownFileType = sourcecode.swift; path = CellTableViewCell.swift; sourceTree = "<group>"; };
		9EA409411FE1C1A9008D113E /* ru */ = {isa = PBXFileReference; lastKnownFileType = text.plist.strings; name = ru; path = ru.lproj/Main.strings; sourceTree = "<group>"; };
		9EA409421FE1C1A9008D113E /* ru */ = {isa = PBXFileReference; lastKnownFileType = text.plist.strings; name = ru; path = ru.lproj/LaunchScreen.strings; sourceTree = "<group>"; };
		9EA409441FE1C1B3008D113E /* ru */ = {isa = PBXFileReference; lastKnownFileType = text.plist.strings; name = ru; path = ru.lproj/Localizable.strings; sourceTree = "<group>"; };
		9EC81ED81FE2CD350024931C /* StoreKit.framework */ = {isa = PBXFileReference; lastKnownFileType = wrapper.framework; name = StoreKit.framework; path = System/Library/Frameworks/StoreKit.framework; sourceTree = SDKROOT; };
		9EE5E84A1FDDA6B000F00EC4 /* ProAndCon.app */ = {isa = PBXFileReference; explicitFileType = wrapper.application; includeInIndex = 0; path = ProAndCon.app; sourceTree = BUILT_PRODUCTS_DIR; };
		9EE5E84D1FDDA6B000F00EC4 /* AppDelegate.swift */ = {isa = PBXFileReference; lastKnownFileType = sourcecode.swift; path = AppDelegate.swift; sourceTree = "<group>"; };
		9EE5E84F1FDDA6B000F00EC4 /* ViewController.swift */ = {isa = PBXFileReference; lastKnownFileType = sourcecode.swift; path = ViewController.swift; sourceTree = "<group>"; };
		9EE5E8521FDDA6B000F00EC4 /* Base */ = {isa = PBXFileReference; lastKnownFileType = file.storyboard; name = Base; path = Base.lproj/Main.storyboard; sourceTree = "<group>"; };
		9EE5E8541FDDA6B000F00EC4 /* Assets.xcassets */ = {isa = PBXFileReference; lastKnownFileType = folder.assetcatalog; path = Assets.xcassets; sourceTree = "<group>"; };
		9EE5E8571FDDA6B000F00EC4 /* Base */ = {isa = PBXFileReference; lastKnownFileType = file.storyboard; name = Base; path = Base.lproj/LaunchScreen.storyboard; sourceTree = "<group>"; };
		9EE5E8591FDDA6B000F00EC4 /* Info.plist */ = {isa = PBXFileReference; lastKnownFileType = text.plist.xml; path = Info.plist; sourceTree = "<group>"; };
		9EE5E85F1FDDAA1F00F00EC4 /* HistoryTableViewCell.swift */ = {isa = PBXFileReference; lastKnownFileType = sourcecode.swift; path = HistoryTableViewCell.swift; sourceTree = "<group>"; };
		9EE5E8611FDDAD7000F00EC4 /* Model.swift */ = {isa = PBXFileReference; lastKnownFileType = sourcecode.swift; path = Model.swift; sourceTree = "<group>"; };
		9EE5E8631FDDB09F00F00EC4 /* QuestionViewController.swift */ = {isa = PBXFileReference; lastKnownFileType = sourcecode.swift; path = QuestionViewController.swift; sourceTree = "<group>"; };
		9EE5E8651FDDB2F000F00EC4 /* ArgumentViewController.swift */ = {isa = PBXFileReference; lastKnownFileType = sourcecode.swift; path = ArgumentViewController.swift; sourceTree = "<group>"; };
/* End PBXFileReference section */

/* Begin PBXFrameworksBuildPhase section */
		9EE5E8471FDDA6B000F00EC4 /* Frameworks */ = {
			isa = PBXFrameworksBuildPhase;
			buildActionMask = 2147483647;
			files = (
				9EC81ED91FE2CD350024931C /* StoreKit.framework in Frameworks */,
			);
			runOnlyForDeploymentPostprocessing = 0;
		};
/* End PBXFrameworksBuildPhase section */

/* Begin PBXGroup section */
		9EC81ED71FE2CD350024931C /* Frameworks */ = {
			isa = PBXGroup;
			children = (
				9EC81ED81FE2CD350024931C /* StoreKit.framework */,
			);
			name = Frameworks;
			sourceTree = "<group>";
		};
		9EE5E8411FDDA6AF00F00EC4 = {
			isa = PBXGroup;
			children = (
				9EE5E84C1FDDA6B000F00EC4 /* ProAndCon */,
				9EE5E84B1FDDA6B000F00EC4 /* Products */,
				9EC81ED71FE2CD350024931C /* Frameworks */,
			);
			sourceTree = "<group>";
		};
		9EE5E84B1FDDA6B000F00EC4 /* Products */ = {
			isa = PBXGroup;
			children = (
				9EE5E84A1FDDA6B000F00EC4 /* ProAndCon.app */,
			);
			name = Products;
			sourceTree = "<group>";
		};
		9EE5E84C1FDDA6B000F00EC4 /* ProAndCon */ = {
			isa = PBXGroup;
			children = (
				9E4CB8391FE1CB7600207C4F /* InAppPurchase.swift */,
				9EE5E8611FDDAD7000F00EC4 /* Model.swift */,
				9EA409451FE1C1B3008D113E /* Localizable.strings */,
				9EE5E84D1FDDA6B000F00EC4 /* AppDelegate.swift */,
				9EE5E84F1FDDA6B000F00EC4 /* ViewController.swift */,
				9EE5E8631FDDB09F00F00EC4 /* QuestionViewController.swift */,
				9EE5E8651FDDB2F000F00EC4 /* ArgumentViewController.swift */,
				9E35B79E1FE18D2E0028B00E /* FinalViewController.swift */,
				9EE5E85F1FDDAA1F00F00EC4 /* HistoryTableViewCell.swift */,
				9E8D06EA1FE199EF00F920C8 /* CellTableViewCell.swift */,
				9EE5E8541FDDA6B000F00EC4 /* Assets.xcassets */,
				9EE5E8511FDDA6B000F00EC4 /* Main.storyboard */,
				9EE5E8561FDDA6B000F00EC4 /* LaunchScreen.storyboard */,
				9EE5E8591FDDA6B000F00EC4 /* Info.plist */,
			);
			path = ProAndCon;
			sourceTree = "<group>";
		};
/* End PBXGroup section */

/* Begin PBXNativeTarget section */
		9EE5E8491FDDA6B000F00EC4 /* ProAndCon */ = {
			isa = PBXNativeTarget;
			buildConfigurationList = 9EE5E85C1FDDA6B000F00EC4 /* Build configuration list for PBXNativeTarget "ProAndCon" */;
			buildPhases = (
				9EE5E8461FDDA6B000F00EC4 /* Sources */,
				9EE5E8471FDDA6B000F00EC4 /* Frameworks */,
				9EE5E8481FDDA6B000F00EC4 /* Resources */,
			);
			buildRules = (
			);
			dependencies = (
			);
			name = ProAndCon;
			productName = ProAndCon;
			productReference = 9EE5E84A1FDDA6B000F00EC4 /* ProAndCon.app */;
			productType = "com.apple.product-type.application";
		};
/* End PBXNativeTarget section */

/* Begin PBXProject section */
		9EE5E8421FDDA6AF00F00EC4 /* Project object */ = {
			isa = PBXProject;
			attributes = {
				LastSwiftUpdateCheck = 0920;
				LastUpgradeCheck = 0920;
				ORGANIZATIONNAME = "Logical Mind";
				TargetAttributes = {
					9EE5E8491FDDA6B000F00EC4 = {
						CreatedOnToolsVersion = 9.2;
						ProvisioningStyle = Automatic;
						SystemCapabilities = {
							com.apple.InAppPurchase = {
								enabled = 1;
							};
						};
					};
				};
			};
			buildConfigurationList = 9EE5E8451FDDA6AF00F00EC4 /* Build configuration list for PBXProject "ProAndCon" */;
			compatibilityVersion = "Xcode 8.0";
			developmentRegion = en;
			hasScannedForEncodings = 0;
			knownRegions = (
				en,
				Base,
			);
			mainGroup = 9EE5E8411FDDA6AF00F00EC4;
			productRefGroup = 9EE5E84B1FDDA6B000F00EC4 /* Products */;
			projectDirPath = "";
			projectRoot = "";
			targets = (
				9EE5E8491FDDA6B000F00EC4 /* ProAndCon */,
			);
		};
/* End PBXProject section */

/* Begin PBXResourcesBuildPhase section */
		9EE5E8481FDDA6B000F00EC4 /* Resources */ = {
			isa = PBXResourcesBuildPhase;
			buildActionMask = 2147483647;
			files = (
				9EE5E8581FDDA6B000F00EC4 /* LaunchScreen.storyboard in Resources */,
				9EA409431FE1C1B3008D113E /* Localizable.strings in Resources */,
				9EE5E8551FDDA6B000F00EC4 /* Assets.xcassets in Resources */,
				9EE5E8531FDDA6B000F00EC4 /* Main.storyboard in Resources */,
			);
			runOnlyForDeploymentPostprocessing = 0;
		};
/* End PBXResourcesBuildPhase section */

/* Begin PBXSourcesBuildPhase section */
		9EE5E8461FDDA6B000F00EC4 /* Sources */ = {
			isa = PBXSourcesBuildPhase;
			buildActionMask = 2147483647;
			files = (
				9EE5E8601FDDAA1F00F00EC4 /* HistoryTableViewCell.swift in Sources */,
				9E35B79F1FE18D2E0028B00E /* FinalViewController.swift in Sources */,
				9EE5E8641FDDB0A000F00EC4 /* QuestionViewController.swift in Sources */,
				9EE5E8501FDDA6B000F00EC4 /* ViewController.swift in Sources */,
				9EE5E8661FDDB2F000F00EC4 /* ArgumentViewController.swift in Sources */,
				9E8D06EB1FE199EF00F920C8 /* CellTableViewCell.swift in Sources */,
				9EE5E84E1FDDA6B000F00EC4 /* AppDelegate.swift in Sources */,
				9EE5E8621FDDAD7000F00EC4 /* Model.swift in Sources */,
				9E4CB83A1FE1CB7600207C4F /* InAppPurchase.swift in Sources */,
			);
			runOnlyForDeploymentPostprocessing = 0;
		};
/* End PBXSourcesBuildPhase section */

/* Begin PBXVariantGroup section */
		9EA409451FE1C1B3008D113E /* Localizable.strings */ = {
			isa = PBXVariantGroup;
			children = (
				9EA409441FE1C1B3008D113E /* ru */,
			);
			name = Localizable.strings;
			sourceTree = "<group>";
		};
		9EE5E8511FDDA6B000F00EC4 /* Main.storyboard */ = {
			isa = PBXVariantGroup;
			children = (
				9EE5E8521FDDA6B000F00EC4 /* Base */,
				9EA409411FE1C1A9008D113E /* ru */,
			);
			name = Main.storyboard;
			sourceTree = "<group>";
		};
		9EE5E8561FDDA6B000F00EC4 /* LaunchScreen.storyboard */ = {
			isa = PBXVariantGroup;
			children = (
				9EE5E8571FDDA6B000F00EC4 /* Base */,
				9EA409421FE1C1A9008D113E /* ru */,
			);
			name = LaunchScreen.storyboard;
			sourceTree = "<group>";
		};
/* End PBXVariantGroup section */

/* Begin XCBuildConfiguration section */
		9EE5E85A1FDDA6B000F00EC4 /* Debug */ = {
			isa = XCBuildConfiguration;
			buildSettings = {
				ALWAYS_SEARCH_USER_PATHS = NO;
				CLANG_ANALYZER_LOCALIZABILITY_NONLOCALIZED = YES;
				CLANG_ANALYZER_NONNULL = YES;
				CLANG_ANALYZER_NUMBER_OBJECT_CONVERSION = YES_AGGRESSIVE;
				CLANG_CXX_LANGUAGE_STANDARD = "gnu++14";
				CLANG_CXX_LIBRARY = "libc++";
				CLANG_ENABLE_MODULES = YES;
				CLANG_ENABLE_OBJC_ARC = YES;
				CLANG_WARN_BLOCK_CAPTURE_AUTORELEASING = YES;
				CLANG_WARN_BOOL_CONVERSION = YES;
				CLANG_WARN_COMMA = YES;
				CLANG_WARN_CONSTANT_CONVERSION = YES;
				CLANG_WARN_DIRECT_OBJC_ISA_USAGE = YES_ERROR;
				CLANG_WARN_DOCUMENTATION_COMMENTS = YES;
				CLANG_WARN_EMPTY_BODY = YES;
				CLANG_WARN_ENUM_CONVERSION = YES;
				CLANG_WARN_INFINITE_RECURSION = YES;
				CLANG_WARN_INT_CONVERSION = YES;
				CLANG_WARN_NON_LITERAL_NULL_CONVERSION = YES;
				CLANG_WARN_OBJC_LITERAL_CONVERSION = YES;
				CLANG_WARN_OBJC_ROOT_CLASS = YES_ERROR;
				CLANG_WARN_RANGE_LOOP_ANALYSIS = YES;
				CLANG_WARN_STRICT_PROTOTYPES = YES;
				CLANG_WARN_SUSPICIOUS_MOVE = YES;
				CLANG_WARN_UNGUARDED_AVAILABILITY = YES_AGGRESSIVE;
				CLANG_WARN_UNREACHABLE_CODE = YES;
				CLANG_WARN__DUPLICATE_METHOD_MATCH = YES;
				CODE_SIGN_IDENTITY = "iPhone Developer";
				COPY_PHASE_STRIP = NO;
				DEBUG_INFORMATION_FORMAT = dwarf;
				ENABLE_STRICT_OBJC_MSGSEND = YES;
				ENABLE_TESTABILITY = YES;
				GCC_C_LANGUAGE_STANDARD = gnu11;
				GCC_DYNAMIC_NO_PIC = NO;
				GCC_NO_COMMON_BLOCKS = YES;
				GCC_OPTIMIZATION_LEVEL = 0;
				GCC_PREPROCESSOR_DEFINITIONS = (
					"DEBUG=1",
					"$(inherited)",
				);
				GCC_WARN_64_TO_32_BIT_CONVERSION = YES;
				GCC_WARN_ABOUT_RETURN_TYPE = YES_ERROR;
				GCC_WARN_UNDECLARED_SELECTOR = YES;
				GCC_WARN_UNINITIALIZED_AUTOS = YES_AGGRESSIVE;
				GCC_WARN_UNUSED_FUNCTION = YES;
				GCC_WARN_UNUSED_VARIABLE = YES;
				IPHONEOS_DEPLOYMENT_TARGET = 11.0;
				MTL_ENABLE_DEBUG_INFO = YES;
				ONLY_ACTIVE_ARCH = YES;
				SDKROOT = iphoneos;
				SWIFT_ACTIVE_COMPILATION_CONDITIONS = DEBUG;
				SWIFT_OPTIMIZATION_LEVEL = "-Onone";
			};
			name = Debug;
		};
		9EE5E85B1FDDA6B000F00EC4 /* Release */ = {
			isa = XCBuildConfiguration;
			buildSettings = {
				ALWAYS_SEARCH_USER_PATHS = NO;
				CLANG_ANALYZER_LOCALIZABILITY_NONLOCALIZED = YES;
				CLANG_ANALYZER_NONNULL = YES;
				CLANG_ANALYZER_NUMBER_OBJECT_CONVERSION = YES_AGGRESSIVE;
				CLANG_CXX_LANGUAGE_STANDARD = "gnu++14";
				CLANG_CXX_LIBRARY = "libc++";
				CLANG_ENABLE_MODULES = YES;
				CLANG_ENABLE_OBJC_ARC = YES;
				CLANG_WARN_BLOCK_CAPTURE_AUTORELEASING = YES;
				CLANG_WARN_BOOL_CONVERSION = YES;
				CLANG_WARN_COMMA = YES;
				CLANG_WARN_CONSTANT_CONVERSION = YES;
				CLANG_WARN_DIRECT_OBJC_ISA_USAGE = YES_ERROR;
				CLANG_WARN_DOCUMENTATION_COMMENTS = YES;
				CLANG_WARN_EMPTY_BODY = YES;
				CLANG_WARN_ENUM_CONVERSION = YES;
				CLANG_WARN_INFINITE_RECURSION = YES;
				CLANG_WARN_INT_CONVERSION = YES;
				CLANG_WARN_NON_LITERAL_NULL_CONVERSION = YES;
				CLANG_WARN_OBJC_LITERAL_CONVERSION = YES;
				CLANG_WARN_OBJC_ROOT_CLASS = YES_ERROR;
				CLANG_WARN_RANGE_LOOP_ANALYSIS = YES;
				CLANG_WARN_STRICT_PROTOTYPES = YES;
				CLANG_WARN_SUSPICIOUS_MOVE = YES;
				CLANG_WARN_UNGUARDED_AVAILABILITY = YES_AGGRESSIVE;
				CLANG_WARN_UNREACHABLE_CODE = YES;
				CLANG_WARN__DUPLICATE_METHOD_MATCH = YES;
				CODE_SIGN_IDENTITY = "iPhone Developer";
				COPY_PHASE_STRIP = NO;
				DEBUG_INFORMATION_FORMAT = "dwarf-with-dsym";
				ENABLE_NS_ASSERTIONS = NO;
				ENABLE_STRICT_OBJC_MSGSEND = YES;
				GCC_C_LANGUAGE_STANDARD = gnu11;
				GCC_NO_COMMON_BLOCKS = YES;
				GCC_WARN_64_TO_32_BIT_CONVERSION = YES;
				GCC_WARN_ABOUT_RETURN_TYPE = YES_ERROR;
				GCC_WARN_UNDECLARED_SELECTOR = YES;
				GCC_WARN_UNINITIALIZED_AUTOS = YES_AGGRESSIVE;
				GCC_WARN_UNUSED_FUNCTION = YES;
				GCC_WARN_UNUSED_VARIABLE = YES;
				IPHONEOS_DEPLOYMENT_TARGET = 11.0;
				MTL_ENABLE_DEBUG_INFO = NO;
				SDKROOT = iphoneos;
				SWIFT_OPTIMIZATION_LEVEL = "-Owholemodule";
				VALIDATE_PRODUCT = YES;
			};
			name = Release;
		};
		9EE5E85D1FDDA6B000F00EC4 /* Debug */ = {
			isa = XCBuildConfiguration;
			buildSettings = {
				ASSETCATALOG_COMPILER_APPICON_NAME = AppIcon;
				CODE_SIGN_STYLE = Automatic;
				DEVELOPMENT_TEAM = Q99RYYXDRA;
				INFOPLIST_FILE = ProAndCon/Info.plist;
				IPHONEOS_DEPLOYMENT_TARGET = 11.0;
				LD_RUNPATH_SEARCH_PATHS = "$(inherited) @executable_path/Frameworks";
				PRODUCT_BUNDLE_IDENTIFIER = logicalmind.dev.ProAndCon;
				PRODUCT_NAME = "$(TARGET_NAME)";
				SWIFT_VERSION = 4.0;
				TARGETED_DEVICE_FAMILY = 1;
			};
			name = Debug;
		};
		9EE5E85E1FDDA6B000F00EC4 /* Release */ = {
			isa = XCBuildConfiguration;
			buildSettings = {
				ASSETCATALOG_COMPILER_APPICON_NAME = AppIcon;
				CODE_SIGN_STYLE = Automatic;
				DEVELOPMENT_TEAM = Q99RYYXDRA;
				INFOPLIST_FILE = ProAndCon/Info.plist;
				IPHONEOS_DEPLOYMENT_TARGET = 11.0;
				LD_RUNPATH_SEARCH_PATHS = "$(inherited) @executable_path/Frameworks";
				PRODUCT_BUNDLE_IDENTIFIER = logicalmind.dev.ProAndCon;
				PRODUCT_NAME = "$(TARGET_NAME)";
				SWIFT_VERSION = 4.0;
				TARGETED_DEVICE_FAMILY = 1;
			};
			name = Release;
		};
/* End XCBuildConfiguration section */

/* Begin XCConfigurationList section */
		9EE5E8451FDDA6AF00F00EC4 /* Build configuration list for PBXProject "ProAndCon" */ = {
			isa = XCConfigurationList;
			buildConfigurations = (
				9EE5E85A1FDDA6B000F00EC4 /* Debug */,
				9EE5E85B1FDDA6B000F00EC4 /* Release */,
			);
			defaultConfigurationIsVisible = 0;
			defaultConfigurationName = Release;
		};
		9EE5E85C1FDDA6B000F00EC4 /* Build configuration list for PBXNativeTarget "ProAndCon" */ = {
			isa = XCConfigurationList;
			buildConfigurations = (
				9EE5E85D1FDDA6B000F00EC4 /* Debug */,
				9EE5E85E1FDDA6B000F00EC4 /* Release */,
			);
			defaultConfigurationIsVisible = 0;
			defaultConfigurationName = Release;
		};
/* End XCConfigurationList section */
	};
	rootObject = 9EE5E8421FDDA6AF00F00EC4 /* Project object */;
}
